// !$*UTF8*$!
{
	archiveVersion = 1;
	classes = {
	};
	objectVersion = 46;
	objects = {

/* Begin PBXAggregateTarget section */
		4F9C505A1B1D002B000DA827 /* MoGenerator */ = {
			isa = PBXAggregateTarget;
			buildConfigurationList = 4F9C505B1B1D002B000DA827 /* Build configuration list for PBXAggregateTarget "MoGenerator" */;
			buildPhases = (
				4F9C505E1B1D00E3000DA827 /* ShellScript */,
			);
			dependencies = (
			);
			name = MoGenerator;
			productName = MoGenerator;
		};
/* End PBXAggregateTarget section */

/* Begin PBXBuildFile section */
		3F65E9D61B1BE82C00DF176D /* GenericViewController.swift in Sources */ = {isa = PBXBuildFile; fileRef = 3F65E9D51B1BE82C00DF176D /* GenericViewController.swift */; };
		3F65E9ED1B1F244B00DF176D /* blueBluer.jpg in Resources */ = {isa = PBXBuildFile; fileRef = 3F65E9EC1B1F244B00DF176D /* blueBluer.jpg */; };
		3F65E9EF1B1F343300DF176D /* black.jpg in Resources */ = {isa = PBXBuildFile; fileRef = 3F65E9EE1B1F343300DF176D /* black.jpg */; };
		3F65E9FA1B1F3AE900DF176D /* Food.png in Resources */ = {isa = PBXBuildFile; fileRef = 3F65E9F71B1F3AE900DF176D /* Food.png */; };
		3F65E9FB1B1F3AE900DF176D /* Meeting.png in Resources */ = {isa = PBXBuildFile; fileRef = 3F65E9F81B1F3AE900DF176D /* Meeting.png */; };
		3F65E9FC1B1F3AE900DF176D /* Suitcase.png in Resources */ = {isa = PBXBuildFile; fileRef = 3F65E9F91B1F3AE900DF176D /* Suitcase.png */; };
		3F694CC31B1956A300F8D70E /* leoProfile.jpg in Resources */ = {isa = PBXBuildFile; fileRef = 3F694CC21B1956A300F8D70E /* leoProfile.jpg */; };
		3F694CC81B195DC600F8D70E /* Amatic-Bold.ttf in Resources */ = {isa = PBXBuildFile; fileRef = 3F694CC51B195DC600F8D70E /* Amatic-Bold.ttf */; };
		3F694CC91B195DC600F8D70E /* AmaticSC-Regular.ttf in Resources */ = {isa = PBXBuildFile; fileRef = 3F694CC61B195DC600F8D70E /* AmaticSC-Regular.ttf */; };
		3F694CCA1B195DC600F8D70E /* SIL Open Font License.txt in Resources */ = {isa = PBXBuildFile; fileRef = 3F694CC71B195DC600F8D70E /* SIL Open Font License.txt */; };
		3F70EE481B1A385C004995B6 /* passport2.jpg in Resources */ = {isa = PBXBuildFile; fileRef = 3F70EE471B1A385C004995B6 /* passport2.jpg */; };
		3F80CEAC1B1F73EB0077916A /* city-cars-traffic-lights.jpeg in Resources */ = {isa = PBXBuildFile; fileRef = 3F80CEAB1B1F73EB0077916A /* city-cars-traffic-lights.jpeg */; };
		3F80CEB01B1F748E0077916A /* city.jpg in Resources */ = {isa = PBXBuildFile; fileRef = 3F80CEAF1B1F748E0077916A /* city.jpg */; };
		3F80CEB21B271D0F0077916A /* SettingsViewController.swift in Sources */ = {isa = PBXBuildFile; fileRef = 3F80CEB11B271D0F0077916A /* SettingsViewController.swift */; };
		3FF9C5E51B27612200EB546F /* tripifyGrande.png in Resources */ = {isa = PBXBuildFile; fileRef = 3FF9C5E41B27612200EB546F /* tripifyGrande.png */; };
		4F16FD551B1BDC8D00FB4BA7 /* CloudKit.framework in Frameworks */ = {isa = PBXBuildFile; fileRef = 4F16FD541B1BDC8D00FB4BA7 /* CloudKit.framework */; };
		4F4EC4FF1B18D71800378DDF /* AddTripViewController.swift in Sources */ = {isa = PBXBuildFile; fileRef = 3F8D99B51B1780FA0066504F /* AddTripViewController.swift */; };
		4F4EC5011B18D71800378DDF /* JournalsViewController.swift in Sources */ = {isa = PBXBuildFile; fileRef = 3F8D99841B1778780066504F /* JournalsViewController.swift */; };
		4F4EC5021B18D71800378DDF /* LoginController.swift in Sources */ = {isa = PBXBuildFile; fileRef = 3F8D999A1B177B120066504F /* LoginController.swift */; };
		4F4EC5031B18D71800378DDF /* MenuViewController.swift in Sources */ = {isa = PBXBuildFile; fileRef = 3F8D99851B1778780066504F /* MenuViewController.swift */; };
		4F4EC5041B18D71800378DDF /* NewMomentController.swift in Sources */ = {isa = PBXBuildFile; fileRef = 3F8D999F1B177B120066504F /* NewMomentController.swift */; };
		4F4EC5051B18D71800378DDF /* TimelineController.swift in Sources */ = {isa = PBXBuildFile; fileRef = 3F8D99A21B177B120066504F /* TimelineController.swift */; };
		4F4EC5061B18D72600378DDF /* DashedLine.swift in Sources */ = {isa = PBXBuildFile; fileRef = 3F8D99971B177B120066504F /* DashedLine.swift */; };
		4F4EC5071B18D72600378DDF /* JoinLine.swift in Sources */ = {isa = PBXBuildFile; fileRef = 3F8D99981B177B120066504F /* JoinLine.swift */; };
		4F4EC5081B18D72600378DDF /* Junction.swift in Sources */ = {isa = PBXBuildFile; fileRef = 3F8D99991B177B120066504F /* Junction.swift */; };
		4F4EC5091B18D72600378DDF /* TestMoment.swift in Sources */ = {isa = PBXBuildFile; fileRef = 3F8D99A01B177B120066504F /* TestMoment.swift */; };
		4F4EC50A1B18D72600378DDF /* TripCollectionViewCell.swift in Sources */ = {isa = PBXBuildFile; fileRef = 3F8D99861B1778780066504F /* TripCollectionViewCell.swift */; };
		4F4EC50B1B18D72600378DDF /* DAOCloudTrip.swift in Sources */ = {isa = PBXBuildFile; fileRef = 3F8D99961B177B120066504F /* DAOCloudTrip.swift */; };
		4F4EC50D1B18D72600378DDF /* MomentCategory.swift in Sources */ = {isa = PBXBuildFile; fileRef = 3F8D999D1B177B120066504F /* MomentCategory.swift */; };
		4F4EC5101B18D72600378DDF /* SWRevealViewController.h in Sources */ = {isa = PBXBuildFile; fileRef = 3F8D998C1B1778850066504F /* SWRevealViewController.h */; };
		4F4EC5111B18D72600378DDF /* SWRevealViewController.m in Sources */ = {isa = PBXBuildFile; fileRef = 3F8D998D1B1778850066504F /* SWRevealViewController.m */; };
		4F4EC5121B18D72600378DDF /* triploka-Bridging-Header.h in Sources */ = {isa = PBXBuildFile; fileRef = 3F8D998B1B1778840066504F /* triploka-Bridging-Header.h */; };
		4F4EC5131B18D72600378DDF /* AppDelegate.swift in Sources */ = {isa = PBXBuildFile; fileRef = 3F8D99601B1778290066504F /* AppDelegate.swift */; };
		4F4EC5141B18D73D00378DDF /* Images.xcassets in Resources */ = {isa = PBXBuildFile; fileRef = 3F8D996A1B1778290066504F /* Images.xcassets */; };
		4F4EC5151B18D73D00378DDF /* LaunchScreen.xib in Resources */ = {isa = PBXBuildFile; fileRef = 3F8D996C1B1778290066504F /* LaunchScreen.xib */; };
		4F4EC5161B18D73D00378DDF /* Info.plist in Resources */ = {isa = PBXBuildFile; fileRef = 3F8D995F1B1778290066504F /* Info.plist */; };
		4F4EC51C1B18E29500378DDF /* triploka.xcdatamodeld in Sources */ = {isa = PBXBuildFile; fileRef = 4F4EC51A1B18E29500378DDF /* triploka.xcdatamodeld */; };
		4F4EC51E1B18E35E00378DDF /* Trip.swift in Sources */ = {isa = PBXBuildFile; fileRef = 4F4EC51D1B18E35E00378DDF /* Trip.swift */; };
		4F4EC5201B18E35E00378DDF /* Photo.swift in Sources */ = {isa = PBXBuildFile; fileRef = 4F4EC51F1B18E35E00378DDF /* Photo.swift */; };
		4F4EC5221B18E35F00378DDF /* Moment.swift in Sources */ = {isa = PBXBuildFile; fileRef = 4F4EC5211B18E35F00378DDF /* Moment.swift */; };
		4F609CED1B2882AD00A4A81F /* defaultUserProfileImage.png in Resources */ = {isa = PBXBuildFile; fileRef = 4F609CEC1B2882AD00A4A81F /* defaultUserProfileImage.png */; };
		4F9C50591B1CA695000DA827 /* LocalDAO.swift in Sources */ = {isa = PBXBuildFile; fileRef = 4F9C50581B1CA695000DA827 /* LocalDAO.swift */; };
		871C2E7C1B1CB7E600CAA562 /* NetworkStatus.swift in Sources */ = {isa = PBXBuildFile; fileRef = 871C2E7B1B1CB7E600CAA562 /* NetworkStatus.swift */; };
		87D4771E1B1DE8E800F4A60A /* DateFormatter.swift in Sources */ = {isa = PBXBuildFile; fileRef = 87D4771D1B1DE8E800F4A60A /* DateFormatter.swift */; };
		94287AEB1B1C6F9E0086B6B6 /* MomentOptions.swift in Sources */ = {isa = PBXBuildFile; fileRef = 94287AEA1B1C6F9E0086B6B6 /* MomentOptions.swift */; };
		94D4F29B1B1CD3640034F575 /* TextMoment.swift in Sources */ = {isa = PBXBuildFile; fileRef = 94D4F29A1B1CD3640034F575 /* TextMoment.swift */; };
		94D4F29D1B1CD36F0034F575 /* AudioMoment.swift in Sources */ = {isa = PBXBuildFile; fileRef = 94D4F29C1B1CD36F0034F575 /* AudioMoment.swift */; };
		94D4F29F1B1CD37A0034F575 /* PictureMoment.swift in Sources */ = {isa = PBXBuildFile; fileRef = 94D4F29E1B1CD37A0034F575 /* PictureMoment.swift */; };
		94D4F2A11B1CD3870034F575 /* RestaurantMoment.swift in Sources */ = {isa = PBXBuildFile; fileRef = 94D4F2A01B1CD3870034F575 /* RestaurantMoment.swift */; };
/* End PBXBuildFile section */

/* Begin PBXFileReference section */
		3F65E9D51B1BE82C00DF176D /* GenericViewController.swift */ = {isa = PBXFileReference; fileEncoding = 4; lastKnownFileType = sourcecode.swift; path = GenericViewController.swift; sourceTree = "<group>"; };
		3F65E9EC1B1F244B00DF176D /* blueBluer.jpg */ = {isa = PBXFileReference; lastKnownFileType = image.jpeg; path = blueBluer.jpg; sourceTree = "<group>"; };
		3F65E9EE1B1F343300DF176D /* black.jpg */ = {isa = PBXFileReference; lastKnownFileType = image.jpeg; path = black.jpg; sourceTree = "<group>"; };
		3F65E9F71B1F3AE900DF176D /* Food.png */ = {isa = PBXFileReference; lastKnownFileType = image.png; path = Food.png; sourceTree = "<group>"; };
		3F65E9F81B1F3AE900DF176D /* Meeting.png */ = {isa = PBXFileReference; lastKnownFileType = image.png; path = Meeting.png; sourceTree = "<group>"; };
		3F65E9F91B1F3AE900DF176D /* Suitcase.png */ = {isa = PBXFileReference; lastKnownFileType = image.png; path = Suitcase.png; sourceTree = "<group>"; };
		3F694CC21B1956A300F8D70E /* leoProfile.jpg */ = {isa = PBXFileReference; lastKnownFileType = image.jpeg; path = leoProfile.jpg; sourceTree = "<group>"; };
		3F694CC51B195DC600F8D70E /* Amatic-Bold.ttf */ = {isa = PBXFileReference; lastKnownFileType = file; path = "Amatic-Bold.ttf"; sourceTree = "<group>"; };
		3F694CC61B195DC600F8D70E /* AmaticSC-Regular.ttf */ = {isa = PBXFileReference; lastKnownFileType = file; path = "AmaticSC-Regular.ttf"; sourceTree = "<group>"; };
		3F694CC71B195DC600F8D70E /* SIL Open Font License.txt */ = {isa = PBXFileReference; fileEncoding = 4; lastKnownFileType = text; path = "SIL Open Font License.txt"; sourceTree = "<group>"; };
		3F70EE471B1A385C004995B6 /* passport2.jpg */ = {isa = PBXFileReference; lastKnownFileType = image.jpeg; name = passport2.jpg; path = amatic/passport2.jpg; sourceTree = "<group>"; };
		3F80CEAB1B1F73EB0077916A /* city-cars-traffic-lights.jpeg */ = {isa = PBXFileReference; lastKnownFileType = image.jpeg; path = "city-cars-traffic-lights.jpeg"; sourceTree = "<group>"; };
		3F80CEAF1B1F748E0077916A /* city.jpg */ = {isa = PBXFileReference; lastKnownFileType = image.jpeg; path = city.jpg; sourceTree = "<group>"; };
		3F80CEB11B271D0F0077916A /* SettingsViewController.swift */ = {isa = PBXFileReference; fileEncoding = 4; lastKnownFileType = sourcecode.swift; path = SettingsViewController.swift; sourceTree = "<group>"; };
		3F8D995B1B1778290066504F /* triploka.app */ = {isa = PBXFileReference; explicitFileType = wrapper.application; includeInIndex = 0; path = triploka.app; sourceTree = BUILT_PRODUCTS_DIR; };
		3F8D995F1B1778290066504F /* Info.plist */ = {isa = PBXFileReference; lastKnownFileType = text.plist.xml; path = Info.plist; sourceTree = "<group>"; };
		3F8D99601B1778290066504F /* AppDelegate.swift */ = {isa = PBXFileReference; lastKnownFileType = sourcecode.swift; path = AppDelegate.swift; sourceTree = "<group>"; };
		3F8D996A1B1778290066504F /* Images.xcassets */ = {isa = PBXFileReference; lastKnownFileType = folder.assetcatalog; path = Images.xcassets; sourceTree = "<group>"; };
		3F8D996D1B1778290066504F /* Base */ = {isa = PBXFileReference; lastKnownFileType = file.xib; name = Base; path = Base.lproj/LaunchScreen.xib; sourceTree = "<group>"; };
		3F8D99781B1778290066504F /* Info.plist */ = {isa = PBXFileReference; lastKnownFileType = text.plist.xml; path = Info.plist; sourceTree = "<group>"; };
		3F8D99791B1778290066504F /* triplokaTests.swift */ = {isa = PBXFileReference; lastKnownFileType = sourcecode.swift; path = triplokaTests.swift; sourceTree = "<group>"; };
		3F8D99841B1778780066504F /* JournalsViewController.swift */ = {isa = PBXFileReference; fileEncoding = 4; lastKnownFileType = sourcecode.swift; path = JournalsViewController.swift; sourceTree = "<group>"; };
		3F8D99851B1778780066504F /* MenuViewController.swift */ = {isa = PBXFileReference; fileEncoding = 4; lastKnownFileType = sourcecode.swift; path = MenuViewController.swift; sourceTree = "<group>"; };
		3F8D99861B1778780066504F /* TripCollectionViewCell.swift */ = {isa = PBXFileReference; fileEncoding = 4; lastKnownFileType = sourcecode.swift; path = TripCollectionViewCell.swift; sourceTree = "<group>"; };
		3F8D998B1B1778840066504F /* triploka-Bridging-Header.h */ = {isa = PBXFileReference; lastKnownFileType = sourcecode.c.h; path = "triploka-Bridging-Header.h"; sourceTree = "<group>"; };
		3F8D998C1B1778850066504F /* SWRevealViewController.h */ = {isa = PBXFileReference; fileEncoding = 4; lastKnownFileType = sourcecode.c.h; path = SWRevealViewController.h; sourceTree = "<group>"; };
		3F8D998D1B1778850066504F /* SWRevealViewController.m */ = {isa = PBXFileReference; fileEncoding = 4; lastKnownFileType = sourcecode.c.objc; path = SWRevealViewController.m; sourceTree = "<group>"; };
		3F8D99961B177B120066504F /* DAOCloudTrip.swift */ = {isa = PBXFileReference; fileEncoding = 4; lastKnownFileType = sourcecode.swift; path = DAOCloudTrip.swift; sourceTree = "<group>"; };
		3F8D99971B177B120066504F /* DashedLine.swift */ = {isa = PBXFileReference; fileEncoding = 4; lastKnownFileType = sourcecode.swift; path = DashedLine.swift; sourceTree = "<group>"; };
		3F8D99981B177B120066504F /* JoinLine.swift */ = {isa = PBXFileReference; fileEncoding = 4; lastKnownFileType = sourcecode.swift; path = JoinLine.swift; sourceTree = "<group>"; };
		3F8D99991B177B120066504F /* Junction.swift */ = {isa = PBXFileReference; fileEncoding = 4; lastKnownFileType = sourcecode.swift; path = Junction.swift; sourceTree = "<group>"; };
		3F8D999A1B177B120066504F /* LoginController.swift */ = {isa = PBXFileReference; fileEncoding = 4; lastKnownFileType = sourcecode.swift; path = LoginController.swift; sourceTree = "<group>"; };
		3F8D999D1B177B120066504F /* MomentCategory.swift */ = {isa = PBXFileReference; fileEncoding = 4; lastKnownFileType = sourcecode.swift; path = MomentCategory.swift; sourceTree = "<group>"; };
		3F8D999F1B177B120066504F /* NewMomentController.swift */ = {isa = PBXFileReference; fileEncoding = 4; lastKnownFileType = sourcecode.swift; path = NewMomentController.swift; sourceTree = "<group>"; };
		3F8D99A01B177B120066504F /* TestMoment.swift */ = {isa = PBXFileReference; fileEncoding = 4; lastKnownFileType = sourcecode.swift; path = TestMoment.swift; sourceTree = "<group>"; };
		3F8D99A21B177B120066504F /* TimelineController.swift */ = {isa = PBXFileReference; fileEncoding = 4; lastKnownFileType = sourcecode.swift; path = TimelineController.swift; sourceTree = "<group>"; };
		3F8D99B51B1780FA0066504F /* AddTripViewController.swift */ = {isa = PBXFileReference; fileEncoding = 4; lastKnownFileType = sourcecode.swift; path = AddTripViewController.swift; sourceTree = "<group>"; };
		3FF9C5E41B27612200EB546F /* tripifyGrande.png */ = {isa = PBXFileReference; lastKnownFileType = image.png; path = tripifyGrande.png; sourceTree = "<group>"; };
		4F16FD541B1BDC8D00FB4BA7 /* CloudKit.framework */ = {isa = PBXFileReference; lastKnownFileType = wrapper.framework; name = CloudKit.framework; path = System/Library/Frameworks/CloudKit.framework; sourceTree = SDKROOT; };
		4F4EC51B1B18E29500378DDF /* triploka.xcdatamodel */ = {isa = PBXFileReference; lastKnownFileType = wrapper.xcdatamodel; path = triploka.xcdatamodel; sourceTree = "<group>"; };
		4F4EC51D1B18E35E00378DDF /* Trip.swift */ = {isa = PBXFileReference; fileEncoding = 4; lastKnownFileType = sourcecode.swift; path = Trip.swift; sourceTree = "<group>"; };
		4F4EC51F1B18E35E00378DDF /* Photo.swift */ = {isa = PBXFileReference; fileEncoding = 4; lastKnownFileType = sourcecode.swift; path = Photo.swift; sourceTree = "<group>"; };
		4F4EC5211B18E35F00378DDF /* Moment.swift */ = {isa = PBXFileReference; fileEncoding = 4; lastKnownFileType = sourcecode.swift; path = Moment.swift; sourceTree = "<group>"; };
		4F609CEC1B2882AD00A4A81F /* defaultUserProfileImage.png */ = {isa = PBXFileReference; lastKnownFileType = image.png; path = defaultUserProfileImage.png; sourceTree = "<group>"; };
		4F9C50581B1CA695000DA827 /* LocalDAO.swift */ = {isa = PBXFileReference; fileEncoding = 4; lastKnownFileType = sourcecode.swift; path = LocalDAO.swift; sourceTree = "<group>"; };
		871C2E7B1B1CB7E600CAA562 /* NetworkStatus.swift */ = {isa = PBXFileReference; fileEncoding = 4; lastKnownFileType = sourcecode.swift; path = NetworkStatus.swift; sourceTree = "<group>"; };
		871F38E21B1B8E1100EE725C /* Instructions.plist */ = {isa = PBXFileReference; fileEncoding = 4; lastKnownFileType = text.plist.xml; name = Instructions.plist; path = triplokaTests/Instructions.plist; sourceTree = SOURCE_ROOT; };
		87D4771D1B1DE8E800F4A60A /* DateFormatter.swift */ = {isa = PBXFileReference; fileEncoding = 4; lastKnownFileType = sourcecode.swift; path = DateFormatter.swift; sourceTree = "<group>"; };
		94287AEA1B1C6F9E0086B6B6 /* MomentOptions.swift */ = {isa = PBXFileReference; fileEncoding = 4; lastKnownFileType = sourcecode.swift; path = MomentOptions.swift; sourceTree = "<group>"; };
		94387AAD1B1912E700051D08 /* triploka.entitlements */ = {isa = PBXFileReference; lastKnownFileType = text.xml; path = triploka.entitlements; sourceTree = "<group>"; };
		94D4F29A1B1CD3640034F575 /* TextMoment.swift */ = {isa = PBXFileReference; fileEncoding = 4; lastKnownFileType = sourcecode.swift; path = TextMoment.swift; sourceTree = "<group>"; };
		94D4F29C1B1CD36F0034F575 /* AudioMoment.swift */ = {isa = PBXFileReference; fileEncoding = 4; lastKnownFileType = sourcecode.swift; path = AudioMoment.swift; sourceTree = "<group>"; };
		94D4F29E1B1CD37A0034F575 /* PictureMoment.swift */ = {isa = PBXFileReference; fileEncoding = 4; lastKnownFileType = sourcecode.swift; path = PictureMoment.swift; sourceTree = "<group>"; };
		94D4F2A01B1CD3870034F575 /* RestaurantMoment.swift */ = {isa = PBXFileReference; fileEncoding = 4; lastKnownFileType = sourcecode.swift; path = RestaurantMoment.swift; sourceTree = "<group>"; };
/* End PBXFileReference section */

/* Begin PBXFrameworksBuildPhase section */
		3F8D99581B1778290066504F /* Frameworks */ = {
			isa = PBXFrameworksBuildPhase;
			buildActionMask = 2147483647;
			files = (
				4F16FD551B1BDC8D00FB4BA7 /* CloudKit.framework in Frameworks */,
			);
			runOnlyForDeploymentPostprocessing = 0;
		};
/* End PBXFrameworksBuildPhase section */

/* Begin PBXGroup section */
		3F65E9F61B1F3AE900DF176D /* statistics */ = {
			isa = PBXGroup;
			children = (
				3F65E9F71B1F3AE900DF176D /* Food.png */,
				3F65E9F81B1F3AE900DF176D /* Meeting.png */,
				3F65E9F91B1F3AE900DF176D /* Suitcase.png */,
			);
			path = statistics;
			sourceTree = "<group>";
		};
		3F694CC41B195DC600F8D70E /* amatic */ = {
			isa = PBXGroup;
			children = (
				3F694CC51B195DC600F8D70E /* Amatic-Bold.ttf */,
				3F694CC61B195DC600F8D70E /* AmaticSC-Regular.ttf */,
				3F694CC71B195DC600F8D70E /* SIL Open Font License.txt */,
			);
			path = amatic;
			sourceTree = "<group>";
		};
		3F8D99521B1778290066504F = {
			isa = PBXGroup;
			children = (
				4F16FD541B1BDC8D00FB4BA7 /* CloudKit.framework */,
				3F8D995D1B1778290066504F /* triploka */,
				3F8D99761B1778290066504F /* triplokaTests */,
				3F8D995C1B1778290066504F /* Products */,
			);
			sourceTree = "<group>";
		};
		3F8D995C1B1778290066504F /* Products */ = {
			isa = PBXGroup;
			children = (
				3F8D995B1B1778290066504F /* triploka.app */,
			);
			name = Products;
			sourceTree = "<group>";
		};
		3F8D995D1B1778290066504F /* triploka */ = {
			isa = PBXGroup;
			children = (
				94387AAD1B1912E700051D08 /* triploka.entitlements */,
				3F8D99911B177AA90066504F /* Controller */,
				3F8D99901B177AA40066504F /* View */,
				3F8D998F1B177AA00066504F /* Model */,
				3F8D99921B177AB60066504F /* SWReveal */,
				3F8D99601B1778290066504F /* AppDelegate.swift */,
				3F8D995E1B1778290066504F /* Supporting Files */,
			);
			path = triploka;
			sourceTree = "<group>";
		};
		3F8D995E1B1778290066504F /* Supporting Files */ = {
			isa = PBXGroup;
			children = (
				871F38E21B1B8E1100EE725C /* Instructions.plist */,
				3F694CC41B195DC600F8D70E /* amatic */,
				3F694CC21B1956A300F8D70E /* leoProfile.jpg */,
				3FF9C5E41B27612200EB546F /* tripifyGrande.png */,
				3F65E9EE1B1F343300DF176D /* black.jpg */,
				3F80CEAF1B1F748E0077916A /* city.jpg */,
				3F65E9EC1B1F244B00DF176D /* blueBluer.jpg */,
				3F80CEAB1B1F73EB0077916A /* city-cars-traffic-lights.jpeg */,
				4F609CEC1B2882AD00A4A81F /* defaultUserProfileImage.png */,
				3F70EE471B1A385C004995B6 /* passport2.jpg */,
				3F65E9F61B1F3AE900DF176D /* statistics */,
				3F8D996A1B1778290066504F /* Images.xcassets */,
				3F8D996C1B1778290066504F /* LaunchScreen.xib */,
				3F8D995F1B1778290066504F /* Info.plist */,
			);
			name = "Supporting Files";
			sourceTree = "<group>";
		};
		3F8D99761B1778290066504F /* triplokaTests */ = {
			isa = PBXGroup;
			children = (
				3F8D99791B1778290066504F /* triplokaTests.swift */,
				3F8D99771B1778290066504F /* Supporting Files */,
			);
			path = triplokaTests;
			sourceTree = "<group>";
		};
		3F8D99771B1778290066504F /* Supporting Files */ = {
			isa = PBXGroup;
			children = (
				3F8D99781B1778290066504F /* Info.plist */,
			);
			name = "Supporting Files";
			sourceTree = "<group>";
		};
		3F8D998F1B177AA00066504F /* Model */ = {
			isa = PBXGroup;
			children = (
				4F4EC5211B18E35F00378DDF /* Moment.swift */,
				4F4EC51F1B18E35E00378DDF /* Photo.swift */,
				4F4EC51D1B18E35E00378DDF /* Trip.swift */,
				3F8D99961B177B120066504F /* DAOCloudTrip.swift */,
				3F8D999D1B177B120066504F /* MomentCategory.swift */,
				4F9C50581B1CA695000DA827 /* LocalDAO.swift */,
				4F4EC51A1B18E29500378DDF /* triploka.xcdatamodeld */,
				871C2E7B1B1CB7E600CAA562 /* NetworkStatus.swift */,
				87D4771D1B1DE8E800F4A60A /* DateFormatter.swift */,
			);
			name = Model;
			sourceTree = "<group>";
		};
		3F8D99901B177AA40066504F /* View */ = {
			isa = PBXGroup;
			children = (
				94D4F2A21B1CF3C00034F575 /* Type */,
				3F8D99971B177B120066504F /* DashedLine.swift */,
				3F8D99981B177B120066504F /* JoinLine.swift */,
				94287AEA1B1C6F9E0086B6B6 /* MomentOptions.swift */,
				3F8D99991B177B120066504F /* Junction.swift */,
				3F8D99861B1778780066504F /* TripCollectionViewCell.swift */,
			);
			name = View;
			sourceTree = "<group>";
		};
		3F8D99911B177AA90066504F /* Controller */ = {
			isa = PBXGroup;
			children = (
				3F8D99B51B1780FA0066504F /* AddTripViewController.swift */,
				3F65E9D51B1BE82C00DF176D /* GenericViewController.swift */,
				3F8D99841B1778780066504F /* JournalsViewController.swift */,
				3F8D999A1B177B120066504F /* LoginController.swift */,
				3F8D99851B1778780066504F /* MenuViewController.swift */,
				3F8D999F1B177B120066504F /* NewMomentController.swift */,
				3F8D99A21B177B120066504F /* TimelineController.swift */,
				3F80CEB11B271D0F0077916A /* SettingsViewController.swift */,
			);
			name = Controller;
			sourceTree = "<group>";
		};
		3F8D99921B177AB60066504F /* SWReveal */ = {
			isa = PBXGroup;
			children = (
				3F8D998C1B1778850066504F /* SWRevealViewController.h */,
				3F8D998D1B1778850066504F /* SWRevealViewController.m */,
				3F8D998B1B1778840066504F /* triploka-Bridging-Header.h */,
			);
			name = SWReveal;
			sourceTree = "<group>";
		};
		94D4F2A21B1CF3C00034F575 /* Type */ = {
			isa = PBXGroup;
			children = (
				3F8D99A01B177B120066504F /* TestMoment.swift */,
				94D4F29A1B1CD3640034F575 /* TextMoment.swift */,
				94D4F29C1B1CD36F0034F575 /* AudioMoment.swift */,
				94D4F29E1B1CD37A0034F575 /* PictureMoment.swift */,
				94D4F2A01B1CD3870034F575 /* RestaurantMoment.swift */,
			);
			name = Type;
			sourceTree = "<group>";
		};
/* End PBXGroup section */

/* Begin PBXNativeTarget section */
		3F8D995A1B1778290066504F /* triploka */ = {
			isa = PBXNativeTarget;
			buildConfigurationList = 3F8D997D1B1778290066504F /* Build configuration list for PBXNativeTarget "triploka" */;
			buildPhases = (
				3F8D99571B1778290066504F /* Sources */,
				3F8D99581B1778290066504F /* Frameworks */,
				3F8D99591B1778290066504F /* Resources */,
			);
			buildRules = (
			);
			dependencies = (
			);
			name = triploka;
			productName = triploka;
			productReference = 3F8D995B1B1778290066504F /* triploka.app */;
			productType = "com.apple.product-type.application";
		};
/* End PBXNativeTarget section */

/* Begin PBXProject section */
		3F8D99531B1778290066504F /* Project object */ = {
			isa = PBXProject;
			attributes = {
				LastUpgradeCheck = 0630;
				ORGANIZATIONNAME = "Leonardo Edelman Wajnsztok";
				TargetAttributes = {
					3F8D995A1B1778290066504F = {
						CreatedOnToolsVersion = 6.3.2;
						DevelopmentTeam = 6ZQ4CB9ZL9;
						SystemCapabilities = {
							com.apple.iCloud = {
								enabled = 1;
							};
						};
					};
					4F9C505A1B1D002B000DA827 = {
						CreatedOnToolsVersion = 6.3.2;
					};
				};
			};
			buildConfigurationList = 3F8D99561B1778290066504F /* Build configuration list for PBXProject "triploka" */;
			compatibilityVersion = "Xcode 3.2";
			developmentRegion = English;
			hasScannedForEncodings = 0;
			knownRegions = (
				en,
				Base,
			);
			mainGroup = 3F8D99521B1778290066504F;
			productRefGroup = 3F8D995C1B1778290066504F /* Products */;
			projectDirPath = "";
			projectRoot = "";
			targets = (
				3F8D995A1B1778290066504F /* triploka */,
				4F9C505A1B1D002B000DA827 /* MoGenerator */,
			);
		};
/* End PBXProject section */

/* Begin PBXResourcesBuildPhase section */
		3F8D99591B1778290066504F /* Resources */ = {
			isa = PBXResourcesBuildPhase;
			buildActionMask = 2147483647;
			files = (
				4F609CED1B2882AD00A4A81F /* defaultUserProfileImage.png in Resources */,
				3F70EE481B1A385C004995B6 /* passport2.jpg in Resources */,
				3F80CEB01B1F748E0077916A /* city.jpg in Resources */,
				3F65E9EF1B1F343300DF176D /* black.jpg in Resources */,
				3F65E9ED1B1F244B00DF176D /* blueBluer.jpg in Resources */,
				3F694CC81B195DC600F8D70E /* Amatic-Bold.ttf in Resources */,
				3F65E9FC1B1F3AE900DF176D /* Suitcase.png in Resources */,
				3F65E9FA1B1F3AE900DF176D /* Food.png in Resources */,
				3F694CCA1B195DC600F8D70E /* SIL Open Font License.txt in Resources */,
				4F4EC5141B18D73D00378DDF /* Images.xcassets in Resources */,
				4F4EC5151B18D73D00378DDF /* LaunchScreen.xib in Resources */,
				3F65E9FB1B1F3AE900DF176D /* Meeting.png in Resources */,
				3F694CC31B1956A300F8D70E /* leoProfile.jpg in Resources */,
				3FF9C5E51B27612200EB546F /* tripifyGrande.png in Resources */,
				4F4EC5161B18D73D00378DDF /* Info.plist in Resources */,
				3F80CEAC1B1F73EB0077916A /* city-cars-traffic-lights.jpeg in Resources */,
				3F694CC91B195DC600F8D70E /* AmaticSC-Regular.ttf in Resources */,
			);
			runOnlyForDeploymentPostprocessing = 0;
		};
/* End PBXResourcesBuildPhase section */

/* Begin PBXShellScriptBuildPhase section */
		4F9C505E1B1D00E3000DA827 /* ShellScript */ = {
			isa = PBXShellScriptBuildPhase;
			buildActionMask = 2147483647;
			files = (
			);
			inputPaths = (
			);
			outputPaths = (
			);
			runOnlyForDeploymentPostprocessing = 0;
			shellPath = /bin/sh;
			shellScript = "mogenerator -m triploka/triploka.xcdatamodeld -O triploka/Model --swift --template-var arc=true";
		};
/* End PBXShellScriptBuildPhase section */

/* Begin PBXSourcesBuildPhase section */
		3F8D99571B1778290066504F /* Sources */ = {
			isa = PBXSourcesBuildPhase;
			buildActionMask = 2147483647;
			files = (
				94D4F2A11B1CD3870034F575 /* RestaurantMoment.swift in Sources */,
				94D4F29B1B1CD3640034F575 /* TextMoment.swift in Sources */,
				87D4771E1B1DE8E800F4A60A /* DateFormatter.swift in Sources */,
				4F4EC51E1B18E35E00378DDF /* Trip.swift in Sources */,
				4F9C50591B1CA695000DA827 /* LocalDAO.swift in Sources */,
				4F4EC4FF1B18D71800378DDF /* AddTripViewController.swift in Sources */,
				4F4EC5011B18D71800378DDF /* JournalsViewController.swift in Sources */,
				4F4EC5021B18D71800378DDF /* LoginController.swift in Sources */,
				4F4EC5031B18D71800378DDF /* MenuViewController.swift in Sources */,
				94287AEB1B1C6F9E0086B6B6 /* MomentOptions.swift in Sources */,
				4F4EC5041B18D71800378DDF /* NewMomentController.swift in Sources */,
				4F4EC5051B18D71800378DDF /* TimelineController.swift in Sources */,
				4F4EC5061B18D72600378DDF /* DashedLine.swift in Sources */,
				4F4EC5221B18E35F00378DDF /* Moment.swift in Sources */,
				4F4EC51C1B18E29500378DDF /* triploka.xcdatamodeld in Sources */,
				4F4EC5201B18E35E00378DDF /* Photo.swift in Sources */,
				4F4EC5071B18D72600378DDF /* JoinLine.swift in Sources */,
				4F4EC5081B18D72600378DDF /* Junction.swift in Sources */,
				4F4EC5091B18D72600378DDF /* TestMoment.swift in Sources */,
				94D4F29D1B1CD36F0034F575 /* AudioMoment.swift in Sources */,
				3F80CEB21B271D0F0077916A /* SettingsViewController.swift in Sources */,
				4F4EC50A1B18D72600378DDF /* TripCollectionViewCell.swift in Sources */,
				3F65E9D61B1BE82C00DF176D /* GenericViewController.swift in Sources */,
				4F4EC50B1B18D72600378DDF /* DAOCloudTrip.swift in Sources */,
				4F4EC50D1B18D72600378DDF /* MomentCategory.swift in Sources */,
				4F4EC5101B18D72600378DDF /* SWRevealViewController.h in Sources */,
				94D4F29F1B1CD37A0034F575 /* PictureMoment.swift in Sources */,
				4F4EC5111B18D72600378DDF /* SWRevealViewController.m in Sources */,
				871C2E7C1B1CB7E600CAA562 /* NetworkStatus.swift in Sources */,
				4F4EC5121B18D72600378DDF /* triploka-Bridging-Header.h in Sources */,
				4F4EC5131B18D72600378DDF /* AppDelegate.swift in Sources */,
			);
			runOnlyForDeploymentPostprocessing = 0;
		};
/* End PBXSourcesBuildPhase section */

/* Begin PBXVariantGroup section */
		3F8D996C1B1778290066504F /* LaunchScreen.xib */ = {
			isa = PBXVariantGroup;
			children = (
				3F8D996D1B1778290066504F /* Base */,
			);
			name = LaunchScreen.xib;
			sourceTree = "<group>";
		};
/* End PBXVariantGroup section */

/* Begin XCBuildConfiguration section */
		3F8D997B1B1778290066504F /* Debug */ = {
			isa = XCBuildConfiguration;
			buildSettings = {
				ALWAYS_SEARCH_USER_PATHS = NO;
				CLANG_CXX_LANGUAGE_STANDARD = "gnu++0x";
				CLANG_CXX_LIBRARY = "libc++";
				CLANG_ENABLE_MODULES = YES;
				CLANG_ENABLE_OBJC_ARC = YES;
				CLANG_WARN_BOOL_CONVERSION = YES;
				CLANG_WARN_CONSTANT_CONVERSION = YES;
				CLANG_WARN_DIRECT_OBJC_ISA_USAGE = YES_ERROR;
				CLANG_WARN_EMPTY_BODY = YES;
				CLANG_WARN_ENUM_CONVERSION = YES;
				CLANG_WARN_INT_CONVERSION = YES;
				CLANG_WARN_OBJC_ROOT_CLASS = YES_ERROR;
				CLANG_WARN_UNREACHABLE_CODE = YES;
				CLANG_WARN__DUPLICATE_METHOD_MATCH = YES;
				"CODE_SIGN_IDENTITY[sdk=iphoneos*]" = "iPhone Developer";
				COPY_PHASE_STRIP = NO;
				DEBUG_INFORMATION_FORMAT = "dwarf-with-dsym";
				ENABLE_STRICT_OBJC_MSGSEND = YES;
				GCC_C_LANGUAGE_STANDARD = gnu99;
				GCC_DYNAMIC_NO_PIC = NO;
				GCC_NO_COMMON_BLOCKS = YES;
				GCC_OPTIMIZATION_LEVEL = 0;
				GCC_PREPROCESSOR_DEFINITIONS = (
					"DEBUG=1",
					"$(inherited)",
				);
				GCC_SYMBOLS_PRIVATE_EXTERN = NO;
				GCC_WARN_64_TO_32_BIT_CONVERSION = YES;
				GCC_WARN_ABOUT_RETURN_TYPE = YES_ERROR;
				GCC_WARN_UNDECLARED_SELECTOR = YES;
				GCC_WARN_UNINITIALIZED_AUTOS = YES_AGGRESSIVE;
				GCC_WARN_UNUSED_FUNCTION = YES;
				GCC_WARN_UNUSED_VARIABLE = YES;
				IPHONEOS_DEPLOYMENT_TARGET = 8.3;
				MTL_ENABLE_DEBUG_INFO = YES;
				ONLY_ACTIVE_ARCH = YES;
				SDKROOT = iphoneos;
				SWIFT_OPTIMIZATION_LEVEL = "-Onone";
			};
			name = Debug;
		};
		3F8D997C1B1778290066504F /* Release */ = {
			isa = XCBuildConfiguration;
			buildSettings = {
				ALWAYS_SEARCH_USER_PATHS = NO;
				CLANG_CXX_LANGUAGE_STANDARD = "gnu++0x";
				CLANG_CXX_LIBRARY = "libc++";
				CLANG_ENABLE_MODULES = YES;
				CLANG_ENABLE_OBJC_ARC = YES;
				CLANG_WARN_BOOL_CONVERSION = YES;
				CLANG_WARN_CONSTANT_CONVERSION = YES;
				CLANG_WARN_DIRECT_OBJC_ISA_USAGE = YES_ERROR;
				CLANG_WARN_EMPTY_BODY = YES;
				CLANG_WARN_ENUM_CONVERSION = YES;
				CLANG_WARN_INT_CONVERSION = YES;
				CLANG_WARN_OBJC_ROOT_CLASS = YES_ERROR;
				CLANG_WARN_UNREACHABLE_CODE = YES;
				CLANG_WARN__DUPLICATE_METHOD_MATCH = YES;
				"CODE_SIGN_IDENTITY[sdk=iphoneos*]" = "iPhone Developer";
				COPY_PHASE_STRIP = NO;
				DEBUG_INFORMATION_FORMAT = "dwarf-with-dsym";
				ENABLE_NS_ASSERTIONS = NO;
				ENABLE_STRICT_OBJC_MSGSEND = YES;
				GCC_C_LANGUAGE_STANDARD = gnu99;
				GCC_NO_COMMON_BLOCKS = YES;
				GCC_WARN_64_TO_32_BIT_CONVERSION = YES;
				GCC_WARN_ABOUT_RETURN_TYPE = YES_ERROR;
				GCC_WARN_UNDECLARED_SELECTOR = YES;
				GCC_WARN_UNINITIALIZED_AUTOS = YES_AGGRESSIVE;
				GCC_WARN_UNUSED_FUNCTION = YES;
				GCC_WARN_UNUSED_VARIABLE = YES;
				IPHONEOS_DEPLOYMENT_TARGET = 8.3;
				MTL_ENABLE_DEBUG_INFO = NO;
				SDKROOT = iphoneos;
				VALIDATE_PRODUCT = YES;
			};
			name = Release;
		};
		3F8D997E1B1778290066504F /* Debug */ = {
			isa = XCBuildConfiguration;
			buildSettings = {
				ASSETCATALOG_COMPILER_APPICON_NAME = AppIcon;
				CLANG_ENABLE_MODULES = YES;
				CODE_SIGN_ENTITLEMENTS = triploka/triploka.entitlements;
				CODE_SIGN_IDENTITY = "iPhone Developer";
				"CODE_SIGN_IDENTITY[sdk=iphoneos*]" = "iPhone Developer";
				INFOPLIST_FILE = triploka/Info.plist;
				LD_RUNPATH_SEARCH_PATHS = "$(inherited) @executable_path/Frameworks";
				PRODUCT_NAME = "$(TARGET_NAME)";
				PROVISIONING_PROFILE = "";
				SWIFT_OBJC_BRIDGING_HEADER = "triploka/triploka-Bridging-Header.h";
				SWIFT_OPTIMIZATION_LEVEL = "-Onone";
			};
			name = Debug;
		};
		3F8D997F1B1778290066504F /* Release */ = {
			isa = XCBuildConfiguration;
			buildSettings = {
				ASSETCATALOG_COMPILER_APPICON_NAME = AppIcon;
				CLANG_ENABLE_MODULES = YES;
				CODE_SIGN_ENTITLEMENTS = triploka/triploka.entitlements;
				CODE_SIGN_IDENTITY = "iPhone Developer";
				"CODE_SIGN_IDENTITY[sdk=iphoneos*]" = "iPhone Developer";
				INFOPLIST_FILE = triploka/Info.plist;
				LD_RUNPATH_SEARCH_PATHS = "$(inherited) @executable_path/Frameworks";
				PRODUCT_NAME = "$(TARGET_NAME)";
				PROVISIONING_PROFILE = "";
				SWIFT_OBJC_BRIDGING_HEADER = "triploka/triploka-Bridging-Header.h";
			};
			name = Release;
		};
		4F9C505C1B1D002B000DA827 /* Debug */ = {
			isa = XCBuildConfiguration;
			buildSettings = {
				PRODUCT_NAME = "$(TARGET_NAME)";
			};
			name = Debug;
		};
		4F9C505D1B1D002B000DA827 /* Release */ = {
			isa = XCBuildConfiguration;
			buildSettings = {
				PRODUCT_NAME = "$(TARGET_NAME)";
			};
			name = Release;
		};
/* End XCBuildConfiguration section */

/* Begin XCConfigurationList section */
		3F8D99561B1778290066504F /* Build configuration list for PBXProject "triploka" */ = {
			isa = XCConfigurationList;
			buildConfigurations = (
				3F8D997B1B1778290066504F /* Debug */,
				3F8D997C1B1778290066504F /* Release */,
			);
			defaultConfigurationIsVisible = 0;
			defaultConfigurationName = Release;
		};
		3F8D997D1B1778290066504F /* Build configuration list for PBXNativeTarget "triploka" */ = {
			isa = XCConfigurationList;
			buildConfigurations = (
				3F8D997E1B1778290066504F /* Debug */,
				3F8D997F1B1778290066504F /* Release */,
			);
			defaultConfigurationIsVisible = 0;
			defaultConfigurationName = Release;
		};
		4F9C505B1B1D002B000DA827 /* Build configuration list for PBXAggregateTarget "MoGenerator" */ = {
			isa = XCConfigurationList;
			buildConfigurations = (
				4F9C505C1B1D002B000DA827 /* Debug */,
				4F9C505D1B1D002B000DA827 /* Release */,
			);
			defaultConfigurationIsVisible = 0;
			defaultConfigurationName = Release;
		};
/* End XCConfigurationList section */

/* Begin XCVersionGroup section */
		4F4EC51A1B18E29500378DDF /* triploka.xcdatamodeld */ = {
			isa = XCVersionGroup;
			children = (
				4F4EC51B1B18E29500378DDF /* triploka.xcdatamodel */,
			);
			currentVersion = 4F4EC51B1B18E29500378DDF /* triploka.xcdatamodel */;
			path = triploka.xcdatamodeld;
			sourceTree = "<group>";
			versionGroupType = wrapper.xcdatamodel;
		};
/* End XCVersionGroup section */
	};
	rootObject = 3F8D99531B1778290066504F /* Project object */;
}
